
Microsoft Visual Studio Solution File, Format Version 12.00
# Visual Studio Version 16
VisualStudioVersion = 16.0.30309.148
MinimumVisualStudioVersion = 10.0.40219.1
Project("{FAE04EC0-301F-11D3-BF4B-00C04F79EFBC}") = "Sample_DB", "Sample_DB\Sample_DB.csproj", "{38BF0F27-2FA6-47DB-8936-74E19A83671A}"
EndProject
Global
	GlobalSection(SolutionConfigurationPlatforms) = preSolution
		Debug|Any CPU = Debug|Any CPU
		Release|Any CPU = Release|Any CPU
	EndGlobalSection
	GlobalSection(ProjectConfigurationPlatforms) = postSolution
		{38BF0F27-2FA6-47DB-8936-74E19A83671A}.Debug|Any CPU.ActiveCfg = Debug|Any CPU
		{38BF0F27-2FA6-47DB-8936-74E19A83671A}.Debug|Any CPU.Build.0 = Debug|Any CPU
		{38BF0F27-2FA6-47DB-8936-74E19A83671A}.Release|Any CPU.ActiveCfg = Release|Any CPU
		{38BF0F27-2FA6-47DB-8936-74E19A83671A}.Release|Any CPU.Build.0 = Release|Any CPU
	EndGlobalSection
	GlobalSection(SolutionProperties) = preSolution
		HideSolutionNode = FALSE
	EndGlobalSection
	GlobalSection(ExtensibilityGlobals) = postSolution
		SolutionGuid = {7C0D6A1E-0F99-489A-B10B-E548F0DBA3FA}
	EndGlobalSection
EndGlobal
