
Microsoft Visual Studio Solution File, Format Version 12.00
# Visual Studio Version 16
VisualStudioVersion = 16.0.30309.148
MinimumVisualStudioVersion = 10.0.40219.1
Project("{FAE04EC0-301F-11D3-BF4B-00C04F79EFBC}") = "WebApplication2", "WebApplication2\WebApplication2.csproj", "{4FFFFB9D-697E-4889-9F85-A8A7AB353586}"
EndProject
Global
	GlobalSection(SolutionConfigurationPlatforms) = preSolution
		Debug|Any CPU = Debug|Any CPU
		Release|Any CPU = Release|Any CPU
	EndGlobalSection
	GlobalSection(ProjectConfigurationPlatforms) = postSolution
		{4FFFFB9D-697E-4889-9F85-A8A7AB353586}.Debug|Any CPU.ActiveCfg = Debug|Any CPU
		{4FFFFB9D-697E-4889-9F85-A8A7AB353586}.Debug|Any CPU.Build.0 = Debug|Any CPU
		{4FFFFB9D-697E-4889-9F85-A8A7AB353586}.Release|Any CPU.ActiveCfg = Release|Any CPU
		{4FFFFB9D-697E-4889-9F85-A8A7AB353586}.Release|Any CPU.Build.0 = Release|Any CPU
	EndGlobalSection
	GlobalSection(SolutionProperties) = preSolution
		HideSolutionNode = FALSE
	EndGlobalSection
	GlobalSection(ExtensibilityGlobals) = postSolution
		SolutionGuid = {ECB67AF7-E1F1-4F17-AA0B-7FA1E0138374}
	EndGlobalSection
EndGlobal
